Microsoft Visual Studio Solution File, Format Version 12.00
# Visual Studio Version 17
VisualStudioVersion = 17.9.34728.123
MinimumVisualStudioVersion = 10.0.40219.1
Project("{2150E333-8FDC-42A3-9474-1A3956D46DE8}") = "eng", "eng", "{31FB4C84-40C4-4140-8E05-424C6AD78964}"
	ProjectSection(SolutionItems) = preProject
		LICENSE.md = LICENSE.md
		README.md = README.md
		version.json = version.json
	EndProjectSection
EndProject
Project("{2150E333-8FDC-42A3-9474-1A3956D46DE8}") = "GitHub", "GitHub", "{5B368C0C-6DA6-4D81-A1EB-83389AC2F9B4}"
	ProjectSection(SolutionItems) = preProject
		.github\workflows\build-solution.yml = .github\workflows\build-solution.yml
		.github\config.yml = .github\config.yml
		.github\workflows\pull-request-checks.yml = .github\workflows\pull-request-checks.yml
		.github\workflows\update-dependencies.yml = .github\workflows\update-dependencies.yml
	EndProjectSection
EndProject
Project("{2150E333-8FDC-42A3-9474-1A3956D46DE8}") = "src", "src", "{1B6C75FB-0A46-4027-9BA0-13BC61F06C78}"
EndProject
Project("{2150E333-8FDC-42A3-9474-1A3956D46DE8}") = "bench", "bench", "{E958B80F-112E-472F-93C7-29F00BE1A633}"
EndProject
Project("{2150E333-8FDC-42A3-9474-1A3956D46DE8}") = "test", "test", "{430AC1C7-199B-4517-A7E1-25CCEF66F84A}"
EndProject
Project("{11A8DD76-328B-46DF-9F39-F559912D0360}") = "CCSWE.nanoFramework.Core", "src\CCSWE.nanoFramework.Core\CCSWE.nanoFramework.Core.nfproj", "{C331C500-04B7-4766-BA1F-02E00400EBF2}"
EndProject
Project("{11A8DD76-328B-46DF-9F39-F559912D0360}") = "CCSWE.nanoFramework.Core.UnitTests", "test\CCSWE.nanoFramework.Core.UnitTests\CCSWE.nanoFramework.Core.UnitTests.nfproj", "{FE933B5A-345C-4E81-AB76-CF9DB50D0238}"
EndProject
Project("{11A8DD76-328B-46DF-9F39-F559912D0360}") = "CCSWE.nanoFramework.Core.Benchmarks", "bench\CCSWE.nanoFramework.Core.Benchmarks\CCSWE.nanoFramework.Core.Benchmarks.nfproj", "{CA39AF66-B733-4E26-9D2D-D4FAC81B8BE2}"
EndProject
Project("{11A8DD76-328B-46DF-9F39-F559912D0360}") = "CCSWE.nanoFramework.Collections.Concurrent", "src\CCSWE.nanoFramework.Collections.Concurrent\CCSWE.nanoFramework.Collections.Concurrent.nfproj", "{810E1BB8-BA2D-4568-A203-F4207F2F5878}"
EndProject
Project("{11A8DD76-328B-46DF-9F39-F559912D0360}") = "CCSWE.nanoFramework.Collections.Concurrent.UnitTests", "test\CCSWE.nanoFramework.Collections.Concurrent.UnitTests\CCSWE.nanoFramework.Collections.Concurrent.UnitTests.nfproj", "{7E264216-11B7-4F7C-9FC1-D550708F5475}"
EndProject
Project("{11A8DD76-328B-46DF-9F39-F559912D0360}") = "CCSWE.nanoFramework.Math", "src\CCSWE.nanoFramework.Math\CCSWE.nanoFramework.Math.nfproj", "{949FCF3B-0F2B-45ED-91B4-50319A795B7B}"
EndProject
Project("{11A8DD76-328B-46DF-9F39-F559912D0360}") = "CCSWE.nanoFramework.Math.UnitTests", "test\CCSWE.nanoFramework.Math.UnitTests\CCSWE.nanoFramework.Math.UnitTests.nfproj", "{240FBB40-ACD7-475A-9DD1-DE6AC1EB0541}"
EndProject
Project("{11A8DD76-328B-46DF-9F39-F559912D0360}") = "CCSWE.nanoFramework.Math.Benchmarks", "bench\CCSWE.nanoFramework.Math.Benchmarks\CCSWE.nanoFramework.Math.Benchmarks.nfproj", "{1B385C5B-1219-442F-B896-F925D2BA489C}"
EndProject
Project("{11A8DD76-328B-46DF-9F39-F559912D0360}") = "CCSWE.nanoFramework.Logging", "src\CCSWE.nanoFramework.Logging\CCSWE.nanoFramework.Logging.nfproj", "{B332A930-C330-410A-9F92-958FC5BBED24}"
EndProject
Project("{11A8DD76-328B-46DF-9F39-F559912D0360}") = "CCSWE.nanoFramework.Logging.UnitTests", "test\CCSWE.nanoFramework.Logging.UnitTests\CCSWE.nanoFramework.Logging.UnitTests.nfproj", "{9C22DBE2-6DAC-462B-942E-BF483D37BD92}"
EndProject
Project("{2150E333-8FDC-42A3-9474-1A3956D46DE8}") = "samples", "samples", "{D6EE9DC0-9D3A-4B35-B51C-FF8CD1DCA4D9}"
EndProject
Project("{11A8DD76-328B-46DF-9F39-F559912D0360}") = "CCSWE.nanoFramework.Hosting", "src\CCSWE.nanoFramework.Hosting\CCSWE.nanoFramework.Hosting.nfproj", "{E1C6DCFA-C35A-44C8-B55D-8ECFBBF5D229}"
EndProject
Project("{11A8DD76-328B-46DF-9F39-F559912D0360}") = "CCSWE.nanoFramework.Threading", "src\CCSWE.nanoFramework.Threading\CCSWE.nanoFramework.Threading.nfproj", "{7AB39BD6-28F1-4829-A5D5-C28EF8E945C0}"
EndProject
Project("{11A8DD76-328B-46DF-9F39-F559912D0360}") = "CCSWE.nanoFramework.Threading.TestFramework", "src\CCSWE.nanoFramework.Threading.TestFramework\CCSWE.nanoFramework.Threading.TestFramework.nfproj", "{94086FBA-7338-4C72-824F-122F63CEC2EF}"
EndProject
Project("{11A8DD76-328B-46DF-9F39-F559912D0360}") = "CCSWE.nanoFramework.Threading.UnitTests", "test\CCSWE.nanoFramework.Threading.UnitTests\CCSWE.nanoFramework.Threading.UnitTests.nfproj", "{AA065FE3-AB45-42BE-A361-FC7ADFE58173}"
EndProject
Project("{11A8DD76-328B-46DF-9F39-F559912D0360}") = "CCSWE.nanoFramework.Hosting.UnitTests", "test\CCSWE.nanoFramework.Hosting.UnitTests\CCSWE.nanoFramework.Hosting.UnitTests.nfproj", "{30254EA4-B92D-4481-8708-98E99A20E198}"
EndProject
Project("{11A8DD76-328B-46DF-9F39-F559912D0360}") = "CCSWE.nanoFramework.Configuration", "src\CCSWE.nanoFramework.Configuration\CCSWE.nanoFramework.Configuration.nfproj", "{1CCAF9A7-9009-46BE-8FD6-F355AF6B4AAF}"
EndProject
Project("{11A8DD76-328B-46DF-9F39-F559912D0360}") = "CCSWE.nanoFramework.Configuration.UnitTests", "test\CCSWE.nanoFramework.Configuration.UnitTests\CCSWE.nanoFramework.Configuration.UnitTests.nfproj", "{009C5D3A-5D5F-4737-AB39-5980CFA16BC4}"
EndProject
Project("{11A8DD76-328B-46DF-9F39-F559912D0360}") = "CCSWE.nanoFramework.Mediator", "src\CCSWE.nanoFramework.Mediator\CCSWE.nanoFramework.Mediator.nfproj", "{72FFFAE7-CA93-46C1-A8E9-9FC1F78830B0}"
EndProject
Project("{11A8DD76-328B-46DF-9F39-F559912D0360}") = "CCSWE.nanoFramework.Mediator.UnitTests", "test\CCSWE.nanoFramework.Mediator.UnitTests\CCSWE.nanoFramework.Mediator.UnitTests.nfproj", "{1D08C8BF-BC0C-4710-9350-6495079A4571}"
EndProject
Project("{11A8DD76-328B-46DF-9F39-F559912D0360}") = "CCSWE.nanoFramework.DhcpServer", "src\CCSWE.nanoFramework.DhcpServer\CCSWE.nanoFramework.DhcpServer.nfproj", "{A5363782-6F29-4557-8E71-7A4D6C164458}"
EndProject
Project("{11A8DD76-328B-46DF-9F39-F559912D0360}") = "CCSWE.nanoFramework.DhcpServer.UnitTests", "test\CCSWE.nanoFramework.DhcpServer.UnitTests\CCSWE.nanoFramework.DhcpServer.UnitTests.nfproj", "{536B0576-DB5C-4B35-AD9D-470A05C5F51C}"
EndProject
Global
	GlobalSection(SolutionConfigurationPlatforms) = preSolution
		Debug|Any CPU = Debug|Any CPU
		Release|Any CPU = Release|Any CPU
	EndGlobalSection
	GlobalSection(ProjectConfigurationPlatforms) = postSolution
		{C331C500-04B7-4766-BA1F-02E00400EBF2}.Debug|Any CPU.ActiveCfg = Debug|Any CPU
		{C331C500-04B7-4766-BA1F-02E00400EBF2}.Debug|Any CPU.Build.0 = Debug|Any CPU
		{C331C500-04B7-4766-BA1F-02E00400EBF2}.Debug|Any CPU.Deploy.0 = Debug|Any CPU
		{C331C500-04B7-4766-BA1F-02E00400EBF2}.Release|Any CPU.ActiveCfg = Release|Any CPU
		{C331C500-04B7-4766-BA1F-02E00400EBF2}.Release|Any CPU.Build.0 = Release|Any CPU
		{C331C500-04B7-4766-BA1F-02E00400EBF2}.Release|Any CPU.Deploy.0 = Release|Any CPU
		{FE933B5A-345C-4E81-AB76-CF9DB50D0238}.Debug|Any CPU.ActiveCfg = Debug|Any CPU
		{FE933B5A-345C-4E81-AB76-CF9DB50D0238}.Debug|Any CPU.Build.0 = Debug|Any CPU
		{FE933B5A-345C-4E81-AB76-CF9DB50D0238}.Debug|Any CPU.Deploy.0 = Debug|Any CPU
		{FE933B5A-345C-4E81-AB76-CF9DB50D0238}.Release|Any CPU.ActiveCfg = Release|Any CPU
		{FE933B5A-345C-4E81-AB76-CF9DB50D0238}.Release|Any CPU.Build.0 = Release|Any CPU
		{FE933B5A-345C-4E81-AB76-CF9DB50D0238}.Release|Any CPU.Deploy.0 = Release|Any CPU
		{CA39AF66-B733-4E26-9D2D-D4FAC81B8BE2}.Debug|Any CPU.ActiveCfg = Debug|Any CPU
		{CA39AF66-B733-4E26-9D2D-D4FAC81B8BE2}.Debug|Any CPU.Build.0 = Debug|Any CPU
		{CA39AF66-B733-4E26-9D2D-D4FAC81B8BE2}.Debug|Any CPU.Deploy.0 = Debug|Any CPU
		{CA39AF66-B733-4E26-9D2D-D4FAC81B8BE2}.Release|Any CPU.ActiveCfg = Release|Any CPU
		{CA39AF66-B733-4E26-9D2D-D4FAC81B8BE2}.Release|Any CPU.Build.0 = Release|Any CPU
		{CA39AF66-B733-4E26-9D2D-D4FAC81B8BE2}.Release|Any CPU.Deploy.0 = Release|Any CPU
		{810E1BB8-BA2D-4568-A203-F4207F2F5878}.Debug|Any CPU.ActiveCfg = Debug|Any CPU
		{810E1BB8-BA2D-4568-A203-F4207F2F5878}.Debug|Any CPU.Build.0 = Debug|Any CPU
		{810E1BB8-BA2D-4568-A203-F4207F2F5878}.Debug|Any CPU.Deploy.0 = Debug|Any CPU
		{810E1BB8-BA2D-4568-A203-F4207F2F5878}.Release|Any CPU.ActiveCfg = Release|Any CPU
		{810E1BB8-BA2D-4568-A203-F4207F2F5878}.Release|Any CPU.Build.0 = Release|Any CPU
		{810E1BB8-BA2D-4568-A203-F4207F2F5878}.Release|Any CPU.Deploy.0 = Release|Any CPU
		{7E264216-11B7-4F7C-9FC1-D550708F5475}.Debug|Any CPU.ActiveCfg = Debug|Any CPU
		{7E264216-11B7-4F7C-9FC1-D550708F5475}.Debug|Any CPU.Build.0 = Debug|Any CPU
		{7E264216-11B7-4F7C-9FC1-D550708F5475}.Debug|Any CPU.Deploy.0 = Debug|Any CPU
		{7E264216-11B7-4F7C-9FC1-D550708F5475}.Release|Any CPU.ActiveCfg = Release|Any CPU
		{7E264216-11B7-4F7C-9FC1-D550708F5475}.Release|Any CPU.Build.0 = Release|Any CPU
		{7E264216-11B7-4F7C-9FC1-D550708F5475}.Release|Any CPU.Deploy.0 = Release|Any CPU
		{949FCF3B-0F2B-45ED-91B4-50319A795B7B}.Debug|Any CPU.ActiveCfg = Debug|Any CPU
		{949FCF3B-0F2B-45ED-91B4-50319A795B7B}.Debug|Any CPU.Build.0 = Debug|Any CPU
		{949FCF3B-0F2B-45ED-91B4-50319A795B7B}.Debug|Any CPU.Deploy.0 = Debug|Any CPU
		{949FCF3B-0F2B-45ED-91B4-50319A795B7B}.Release|Any CPU.ActiveCfg = Release|Any CPU
		{949FCF3B-0F2B-45ED-91B4-50319A795B7B}.Release|Any CPU.Build.0 = Release|Any CPU
		{949FCF3B-0F2B-45ED-91B4-50319A795B7B}.Release|Any CPU.Deploy.0 = Release|Any CPU
		{240FBB40-ACD7-475A-9DD1-DE6AC1EB0541}.Debug|Any CPU.ActiveCfg = Debug|Any CPU
		{240FBB40-ACD7-475A-9DD1-DE6AC1EB0541}.Debug|Any CPU.Build.0 = Debug|Any CPU
		{240FBB40-ACD7-475A-9DD1-DE6AC1EB0541}.Debug|Any CPU.Deploy.0 = Debug|Any CPU
		{240FBB40-ACD7-475A-9DD1-DE6AC1EB0541}.Release|Any CPU.ActiveCfg = Release|Any CPU
		{240FBB40-ACD7-475A-9DD1-DE6AC1EB0541}.Release|Any CPU.Build.0 = Release|Any CPU
		{240FBB40-ACD7-475A-9DD1-DE6AC1EB0541}.Release|Any CPU.Deploy.0 = Release|Any CPU
		{1B385C5B-1219-442F-B896-F925D2BA489C}.Debug|Any CPU.ActiveCfg = Debug|Any CPU
		{1B385C5B-1219-442F-B896-F925D2BA489C}.Debug|Any CPU.Build.0 = Debug|Any CPU
		{1B385C5B-1219-442F-B896-F925D2BA489C}.Debug|Any CPU.Deploy.0 = Debug|Any CPU
		{1B385C5B-1219-442F-B896-F925D2BA489C}.Release|Any CPU.ActiveCfg = Release|Any CPU
		{1B385C5B-1219-442F-B896-F925D2BA489C}.Release|Any CPU.Build.0 = Release|Any CPU
		{1B385C5B-1219-442F-B896-F925D2BA489C}.Release|Any CPU.Deploy.0 = Release|Any CPU
		{B332A930-C330-410A-9F92-958FC5BBED24}.Debug|Any CPU.ActiveCfg = Debug|Any CPU
		{B332A930-C330-410A-9F92-958FC5BBED24}.Debug|Any CPU.Build.0 = Debug|Any CPU
		{B332A930-C330-410A-9F92-958FC5BBED24}.Debug|Any CPU.Deploy.0 = Debug|Any CPU
		{B332A930-C330-410A-9F92-958FC5BBED24}.Release|Any CPU.ActiveCfg = Release|Any CPU
		{B332A930-C330-410A-9F92-958FC5BBED24}.Release|Any CPU.Build.0 = Release|Any CPU
		{B332A930-C330-410A-9F92-958FC5BBED24}.Release|Any CPU.Deploy.0 = Release|Any CPU
		{9C22DBE2-6DAC-462B-942E-BF483D37BD92}.Debug|Any CPU.ActiveCfg = Debug|Any CPU
		{9C22DBE2-6DAC-462B-942E-BF483D37BD92}.Debug|Any CPU.Build.0 = Debug|Any CPU
		{9C22DBE2-6DAC-462B-942E-BF483D37BD92}.Debug|Any CPU.Deploy.0 = Debug|Any CPU
		{9C22DBE2-6DAC-462B-942E-BF483D37BD92}.Release|Any CPU.ActiveCfg = Release|Any CPU
		{9C22DBE2-6DAC-462B-942E-BF483D37BD92}.Release|Any CPU.Build.0 = Release|Any CPU
		{9C22DBE2-6DAC-462B-942E-BF483D37BD92}.Release|Any CPU.Deploy.0 = Release|Any CPU
		{E1C6DCFA-C35A-44C8-B55D-8ECFBBF5D229}.Debug|Any CPU.ActiveCfg = Debug|Any CPU
		{E1C6DCFA-C35A-44C8-B55D-8ECFBBF5D229}.Debug|Any CPU.Build.0 = Debug|Any CPU
		{E1C6DCFA-C35A-44C8-B55D-8ECFBBF5D229}.Debug|Any CPU.Deploy.0 = Debug|Any CPU
		{E1C6DCFA-C35A-44C8-B55D-8ECFBBF5D229}.Release|Any CPU.ActiveCfg = Release|Any CPU
		{E1C6DCFA-C35A-44C8-B55D-8ECFBBF5D229}.Release|Any CPU.Build.0 = Release|Any CPU
		{E1C6DCFA-C35A-44C8-B55D-8ECFBBF5D229}.Release|Any CPU.Deploy.0 = Release|Any CPU
		{7AB39BD6-28F1-4829-A5D5-C28EF8E945C0}.Debug|Any CPU.ActiveCfg = Debug|Any CPU
		{7AB39BD6-28F1-4829-A5D5-C28EF8E945C0}.Debug|Any CPU.Build.0 = Debug|Any CPU
		{7AB39BD6-28F1-4829-A5D5-C28EF8E945C0}.Debug|Any CPU.Deploy.0 = Debug|Any CPU
		{7AB39BD6-28F1-4829-A5D5-C28EF8E945C0}.Release|Any CPU.ActiveCfg = Release|Any CPU
		{7AB39BD6-28F1-4829-A5D5-C28EF8E945C0}.Release|Any CPU.Build.0 = Release|Any CPU
		{7AB39BD6-28F1-4829-A5D5-C28EF8E945C0}.Release|Any CPU.Deploy.0 = Release|Any CPU
		{94086FBA-7338-4C72-824F-122F63CEC2EF}.Debug|Any CPU.ActiveCfg = Debug|Any CPU
		{94086FBA-7338-4C72-824F-122F63CEC2EF}.Debug|Any CPU.Build.0 = Debug|Any CPU
		{94086FBA-7338-4C72-824F-122F63CEC2EF}.Debug|Any CPU.Deploy.0 = Debug|Any CPU
		{94086FBA-7338-4C72-824F-122F63CEC2EF}.Release|Any CPU.ActiveCfg = Release|Any CPU
		{94086FBA-7338-4C72-824F-122F63CEC2EF}.Release|Any CPU.Build.0 = Release|Any CPU
		{94086FBA-7338-4C72-824F-122F63CEC2EF}.Release|Any CPU.Deploy.0 = Release|Any CPU
		{AA065FE3-AB45-42BE-A361-FC7ADFE58173}.Debug|Any CPU.ActiveCfg = Debug|Any CPU
		{AA065FE3-AB45-42BE-A361-FC7ADFE58173}.Debug|Any CPU.Build.0 = Debug|Any CPU
		{AA065FE3-AB45-42BE-A361-FC7ADFE58173}.Debug|Any CPU.Deploy.0 = Debug|Any CPU
		{AA065FE3-AB45-42BE-A361-FC7ADFE58173}.Release|Any CPU.ActiveCfg = Release|Any CPU
		{AA065FE3-AB45-42BE-A361-FC7ADFE58173}.Release|Any CPU.Build.0 = Release|Any CPU
		{AA065FE3-AB45-42BE-A361-FC7ADFE58173}.Release|Any CPU.Deploy.0 = Release|Any CPU
		{30254EA4-B92D-4481-8708-98E99A20E198}.Debug|Any CPU.ActiveCfg = Debug|Any CPU
		{30254EA4-B92D-4481-8708-98E99A20E198}.Debug|Any CPU.Build.0 = Debug|Any CPU
		{30254EA4-B92D-4481-8708-98E99A20E198}.Debug|Any CPU.Deploy.0 = Debug|Any CPU
		{30254EA4-B92D-4481-8708-98E99A20E198}.Release|Any CPU.ActiveCfg = Release|Any CPU
		{30254EA4-B92D-4481-8708-98E99A20E198}.Release|Any CPU.Build.0 = Release|Any CPU
		{30254EA4-B92D-4481-8708-98E99A20E198}.Release|Any CPU.Deploy.0 = Release|Any CPU
		{1CCAF9A7-9009-46BE-8FD6-F355AF6B4AAF}.Debug|Any CPU.ActiveCfg = Debug|Any CPU
		{1CCAF9A7-9009-46BE-8FD6-F355AF6B4AAF}.Debug|Any CPU.Build.0 = Debug|Any CPU
		{1CCAF9A7-9009-46BE-8FD6-F355AF6B4AAF}.Debug|Any CPU.Deploy.0 = Debug|Any CPU
		{1CCAF9A7-9009-46BE-8FD6-F355AF6B4AAF}.Release|Any CPU.ActiveCfg = Release|Any CPU
		{1CCAF9A7-9009-46BE-8FD6-F355AF6B4AAF}.Release|Any CPU.Build.0 = Release|Any CPU
		{1CCAF9A7-9009-46BE-8FD6-F355AF6B4AAF}.Release|Any CPU.Deploy.0 = Release|Any CPU
		{009C5D3A-5D5F-4737-AB39-5980CFA16BC4}.Debug|Any CPU.ActiveCfg = Debug|Any CPU
		{009C5D3A-5D5F-4737-AB39-5980CFA16BC4}.Debug|Any CPU.Build.0 = Debug|Any CPU
		{009C5D3A-5D5F-4737-AB39-5980CFA16BC4}.Debug|Any CPU.Deploy.0 = Debug|Any CPU
		{009C5D3A-5D5F-4737-AB39-5980CFA16BC4}.Release|Any CPU.ActiveCfg = Release|Any CPU
		{009C5D3A-5D5F-4737-AB39-5980CFA16BC4}.Release|Any CPU.Build.0 = Release|Any CPU
		{009C5D3A-5D5F-4737-AB39-5980CFA16BC4}.Release|Any CPU.Deploy.0 = Release|Any CPU
		{72FFFAE7-CA93-46C1-A8E9-9FC1F78830B0}.Debug|Any CPU.ActiveCfg = Debug|Any CPU
		{72FFFAE7-CA93-46C1-A8E9-9FC1F78830B0}.Debug|Any CPU.Build.0 = Debug|Any CPU
		{72FFFAE7-CA93-46C1-A8E9-9FC1F78830B0}.Debug|Any CPU.Deploy.0 = Debug|Any CPU
		{72FFFAE7-CA93-46C1-A8E9-9FC1F78830B0}.Release|Any CPU.ActiveCfg = Release|Any CPU
		{72FFFAE7-CA93-46C1-A8E9-9FC1F78830B0}.Release|Any CPU.Build.0 = Release|Any CPU
		{72FFFAE7-CA93-46C1-A8E9-9FC1F78830B0}.Release|Any CPU.Deploy.0 = Release|Any CPU
		{1D08C8BF-BC0C-4710-9350-6495079A4571}.Debug|Any CPU.ActiveCfg = Debug|Any CPU
		{1D08C8BF-BC0C-4710-9350-6495079A4571}.Debug|Any CPU.Build.0 = Debug|Any CPU
		{1D08C8BF-BC0C-4710-9350-6495079A4571}.Debug|Any CPU.Deploy.0 = Debug|Any CPU
		{1D08C8BF-BC0C-4710-9350-6495079A4571}.Release|Any CPU.ActiveCfg = Release|Any CPU
		{1D08C8BF-BC0C-4710-9350-6495079A4571}.Release|Any CPU.Build.0 = Release|Any CPU
		{1D08C8BF-BC0C-4710-9350-6495079A4571}.Release|Any CPU.Deploy.0 = Release|Any CPU
		{A5363782-6F29-4557-8E71-7A4D6C164458}.Debug|Any CPU.ActiveCfg = Debug|Any CPU
		{A5363782-6F29-4557-8E71-7A4D6C164458}.Debug|Any CPU.Build.0 = Debug|Any CPU
		{A5363782-6F29-4557-8E71-7A4D6C164458}.Debug|Any CPU.Deploy.0 = Debug|Any CPU
		{A5363782-6F29-4557-8E71-7A4D6C164458}.Release|Any CPU.ActiveCfg = Release|Any CPU
		{A5363782-6F29-4557-8E71-7A4D6C164458}.Release|Any CPU.Build.0 = Release|Any CPU
		{A5363782-6F29-4557-8E71-7A4D6C164458}.Release|Any CPU.Deploy.0 = Release|Any CPU
		{536B0576-DB5C-4B35-AD9D-470A05C5F51C}.Debug|Any CPU.ActiveCfg = Debug|Any CPU
		{536B0576-DB5C-4B35-AD9D-470A05C5F51C}.Debug|Any CPU.Build.0 = Debug|Any CPU
		{536B0576-DB5C-4B35-AD9D-470A05C5F51C}.Debug|Any CPU.Deploy.0 = Debug|Any CPU
		{536B0576-DB5C-4B35-AD9D-470A05C5F51C}.Release|Any CPU.ActiveCfg = Release|Any CPU
		{536B0576-DB5C-4B35-AD9D-470A05C5F51C}.Release|Any CPU.Build.0 = Release|Any CPU
		{536B0576-DB5C-4B35-AD9D-470A05C5F51C}.Release|Any CPU.Deploy.0 = Release|Any CPU
	EndGlobalSection
	GlobalSection(SolutionProperties) = preSolution
		HideSolutionNode = FALSE
	EndGlobalSection
	GlobalSection(NestedProjects) = preSolution
		{5B368C0C-6DA6-4D81-A1EB-83389AC2F9B4} = {31FB4C84-40C4-4140-8E05-424C6AD78964}
		{C331C500-04B7-4766-BA1F-02E00400EBF2} = {1B6C75FB-0A46-4027-9BA0-13BC61F06C78}
		{FE933B5A-345C-4E81-AB76-CF9DB50D0238} = {430AC1C7-199B-4517-A7E1-25CCEF66F84A}
		{CA39AF66-B733-4E26-9D2D-D4FAC81B8BE2} = {E958B80F-112E-472F-93C7-29F00BE1A633}
		{810E1BB8-BA2D-4568-A203-F4207F2F5878} = {1B6C75FB-0A46-4027-9BA0-13BC61F06C78}
		{7E264216-11B7-4F7C-9FC1-D550708F5475} = {430AC1C7-199B-4517-A7E1-25CCEF66F84A}
		{949FCF3B-0F2B-45ED-91B4-50319A795B7B} = {1B6C75FB-0A46-4027-9BA0-13BC61F06C78}
		{240FBB40-ACD7-475A-9DD1-DE6AC1EB0541} = {430AC1C7-199B-4517-A7E1-25CCEF66F84A}
		{1B385C5B-1219-442F-B896-F925D2BA489C} = {E958B80F-112E-472F-93C7-29F00BE1A633}
		{B332A930-C330-410A-9F92-958FC5BBED24} = {1B6C75FB-0A46-4027-9BA0-13BC61F06C78}
		{9C22DBE2-6DAC-462B-942E-BF483D37BD92} = {430AC1C7-199B-4517-A7E1-25CCEF66F84A}
		{E1C6DCFA-C35A-44C8-B55D-8ECFBBF5D229} = {1B6C75FB-0A46-4027-9BA0-13BC61F06C78}
		{7AB39BD6-28F1-4829-A5D5-C28EF8E945C0} = {1B6C75FB-0A46-4027-9BA0-13BC61F06C78}
		{94086FBA-7338-4C72-824F-122F63CEC2EF} = {1B6C75FB-0A46-4027-9BA0-13BC61F06C78}
		{AA065FE3-AB45-42BE-A361-FC7ADFE58173} = {430AC1C7-199B-4517-A7E1-25CCEF66F84A}
		{30254EA4-B92D-4481-8708-98E99A20E198} = {430AC1C7-199B-4517-A7E1-25CCEF66F84A}
		{1CCAF9A7-9009-46BE-8FD6-F355AF6B4AAF} = {1B6C75FB-0A46-4027-9BA0-13BC61F06C78}
		{009C5D3A-5D5F-4737-AB39-5980CFA16BC4} = {430AC1C7-199B-4517-A7E1-25CCEF66F84A}
		{72FFFAE7-CA93-46C1-A8E9-9FC1F78830B0} = {1B6C75FB-0A46-4027-9BA0-13BC61F06C78}
		{1D08C8BF-BC0C-4710-9350-6495079A4571} = {430AC1C7-199B-4517-A7E1-25CCEF66F84A}
		{A5363782-6F29-4557-8E71-7A4D6C164458} = {1B6C75FB-0A46-4027-9BA0-13BC61F06C78}
		{536B0576-DB5C-4B35-AD9D-470A05C5F51C} = {430AC1C7-199B-4517-A7E1-25CCEF66F84A}
	EndGlobalSection
	GlobalSection(ExtensibilityGlobals) = postSolution
		SolutionGuid = {97E85E43-6CB8-48DC-8A37-E0A6CE82419A}
	EndGlobalSection
EndGlobal
