{
  "version": 1,
  "dependencies": {
    ".NETnanoFramework,Version=v1.0": {
      "nanoFramework.CoreLibrary": {
        "type": "Direct",
        "requested": "[1.16.1, 1.16.1]",
        "resolved": "1.16.1",
        "contentHash": "pUQR6+CuheWC6UXkiIXhmknPkm50OYuKs6TcIBieV50D1R991QSJUFWjM1AixT/37REh8rzx2OAPgX6YDs06zA=="
      },
      "nanoFramework.DependencyInjection": {
        "type": "Direct",
        "requested": "[1.1.11, 1.1.11]",
        "resolved": "1.1.11",
        "contentHash": "9YKkTehl/1ZUxzx5o6zJPd0g0Qm1XibUDSkA+hpbcf5OVpoV2ciWyMLwz3+cbWf/IFSm7De7HrZclOukTxYS8w=="
      },
      "nanoFramework.Hosting": {
        "type": "Direct",
        "requested": "[1.0.55, 1.0.55]",
        "resolved": "1.0.55",
        "contentHash": "bGPMObTqTI9xiWawO6C/XeMWpZxYPlYdpiTEQCM4cRxVdGSIxVJd/QA4EkG5f4npXVO5oWEhb5DMv+vVovZmJA=="
      },
      "nanoFramework.Logging": {
        "type": "Direct",
        "requested": "[1.1.127, 1.1.127]",
        "resolved": "1.1.127",
        "contentHash": "+XNiENeqVAKOy/SWydzykCec/9Zy1edBIYm7frLYhVz/1EvIZKSpAI+OpNpudJlWseLO4Z4ngU13NEESHBUj/g=="
      },
      "nanoFramework.TestFramework": {
        "type": "Direct",
        "requested": "[3.0.57, 3.0.57]",
        "resolved": "3.0.57",
        "contentHash": "cVStR5Fg+Qk1ClDG5y5ep7v1oH9TTXD35o/vkElYQYo/mrpuo1RVBOu4BNe2caT0RKZqJnFZYiTO9mg+UnxITQ=="
      }
    }
  }
}