{
  "version": 1,
  "dependencies": {
    ".NETnanoFramework,Version=v1.0": {
      "nanoFramework.Benchmark": {
        "type": "Direct",
        "requested": "[1.0.89, 1.0.89]",
        "resolved": "1.0.89",
        "contentHash": "BjWNA8QfzghuGtZxu9r05KeGTC+g7+McKxPJuX6JWmguRTo4I+SSzWnRf1dA3UPrDp5Z1OdYMiwQi6M7eaIVhQ=="
      },
      "nanoFramework.CoreLibrary": {
        "type": "Direct",
        "requested": "[1.15.5, 1.15.5]",
        "resolved": "1.15.5",
        "contentHash": "u2+GvAp1uxLrGdILACAZy+EVKOs28EQ52j8Lz7599egXZ3GBGejjnR2ofhjMQwzrJLlgtyrsx8nSLngDfJNsAg=="
      },
      "nanoFramework.Graphics.Core": {
        "type": "Direct",
        "requested": "[1.2.22, 1.2.22]",
        "resolved": "1.2.22",
        "contentHash": "TqxGYtwOjGqEMjnoR1SSvlimcXbO5QdYBXSMWgrpDcBMbr1edQfsJ3cwAOsn7t1+C6ML3cUURMfwkXsi8aTjVw=="
      },
      "nanoFramework.Hardware.Esp32.Rmt": {
        "type": "Direct",
        "requested": "[2.0.13, 2.0.13]",
        "resolved": "2.0.13",
        "contentHash": "JWVYJ+8SgySh/QXRk2YJ3q/ZfPSq7Q4PBd9qpRpBEQ8XjhrLOWiIc/jhAqVSs5BG73K/j0wot1tSNOOBh8mWIw=="
      },
      "nanoFramework.Iot.Device.Ws28xx.Esp32": {
        "type": "Direct",
        "requested": "[1.2.737, 1.2.737]",
        "resolved": "1.2.737",
        "contentHash": "I7SpEYScQN12w0ThIxENgZAAxeLCjOilTby8+QI+ISzbDpF1fkBC6eK7HqmcW5mnTSR8Qs/iyvNmEVPffWg60Q=="
      },
      "nanoFramework.Logging": {
        "type": "Direct",
        "requested": "[1.1.125, 1.1.125]",
        "resolved": "1.1.125",
        "contentHash": "4IfFE9F6vTaFXcTUOR4cZ/IhSfg0AN3NLeOwiDVvWdoB94l0Z1h4Jq09ieNKxMlRywd0o++wQIu2mbyJPGiy0g=="
      },
      "nanoFramework.Runtime.Events": {
        "type": "Direct",
        "requested": "[1.11.18, 1.11.18]",
        "resolved": "1.11.18",
        "contentHash": "t0XpUkdyBBBv/0S4oGx3yUJG1iPYWc38odvZW8mVoioSxZOJrRkRHpNfwYxTxtP4LIEyyesOPEH42d05FHfHzA=="
      },
      "nanoFramework.Runtime.Native": {
        "type": "Direct",
        "requested": "[1.7.1, 1.7.1]",
        "resolved": "1.7.1",
        "contentHash": "RCiG3D+SxG4wVSBXuXP0y8EZWBd65bfJ9AJj0USNnfL65Aa+nUXmXa6QIxkeolSjDH4jLgKjlIuTXOA7t+AQGQ=="
      },
      "nanoFramework.System.Collections": {
        "type": "Direct",
        "requested": "[1.5.45, 1.5.45]",
        "resolved": "1.5.45",
        "contentHash": "dil6zTz67ACEboy5aWib+lcK+v5eOdvChow3UoZjPdH/fsHsHl26D6/OmQKp+KPVdi5/59WUM5InFB4F5FEQfQ=="
      },
      "nanoFramework.System.Device.Gpio": {
        "type": "Direct",
        "requested": "[1.1.41, 1.1.41]",
        "resolved": "1.1.41",
        "contentHash": "5QnpdfvjxOvka2S5IHSdKudWmkH+CDQ3TFFuXOGuNlgZJFsAx0/k5zuwgJYkxIyGbL8kdcjBWLyDNdihjA1pUg=="
      },
      "nanoFramework.System.Diagnostics.Stopwatch": {
        "type": "Direct",
        "requested": "[1.2.693, 1.2.693]",
        "resolved": "1.2.693",
        "contentHash": "kQZz3IkEjNg5MokmA2Xy2ddZQ66QwWLUAi+kbCwzUmf8CrPfmbly88zZQsSv66Dr7Nipw9QLUhcLatrsNJg6XQ=="
      },
      "nanoFramework.System.Math": {
        "type": "Direct",
        "requested": "[1.5.43, 1.5.43]",
        "resolved": "1.5.43",
        "contentHash": "JEOEGHoIpknJFwPjjz77sT5mej2PiT7JTv59jabzFf+d8XYy8Z4SH+NdX00Xc/yDS8LIPuWb7+C245XGUUx99A=="
      },
      "nanoFramework.System.Text": {
        "type": "Direct",
        "requested": "[1.3.1, 1.3.1]",
        "resolved": "1.3.1",
        "contentHash": "6BFCg7LUeN0Xx1R4QQF6HKDb3BnihtYY7X47IIkfFmsIurJbu643HyidhTxG/BwK4UYWRMC/Io4s/KdsLs6WlA=="
      }
    }
  }
}