{
  "version": 1,
  "dependencies": {
    ".NETnanoFramework,Version=v1.0": {
      "nanoFramework.CoreLibrary": {
        "type": "Direct",
        "requested": "[1.17.11, 1.17.11]",
        "resolved": "1.17.11",
        "contentHash": "HezzAc0o2XrSGf85xSeD/6xsO6ohF9hX6/iMQ1IZS6Zw6umr4WfAN2Jv0BrPxkaYwzEegJxxZujkHoUIAqtOMw=="
      },
      "nanoFramework.DependencyInjection": {
        "type": "Direct",
        "requested": "[1.1.32, 1.1.32]",
        "resolved": "1.1.32",
        "contentHash": "jlkGPDppz73ThMFUwj9+bwUFYEM+1ZHf9SzLfj9k64ToMA5k/3l/HWtgBhiZcGcd/Y7H7Q9ISbADEKQ7PMELpg=="
      },
      "nanoFramework.Logging": {
        "type": "Direct",
        "requested": "[1.1.161, 1.1.161]",
        "resolved": "1.1.161",
        "contentHash": "ASEnCqp/WL+0EPyTYAUUdBSX6g1GkqewPOrTCLq9iZicf9+DFDzd+fpzrfinWd3YqSQ+eb16QzReARm1V0EfNw=="
      },
      "nanoFramework.TestFramework": {
        "type": "Direct",
        "requested": "[3.0.77, 3.0.77]",
        "resolved": "3.0.77",
        "contentHash": "Py5W1oN84KMBmOOHCzdz6pyi3bZTnQu9BoqIx0KGqkhG3V8kGoem/t+BuCM0pMIWAyl2iMP1n2S9624YXmBJZw=="
      }
    }
  }
}