{
  "version": 1,
  "dependencies": {
    ".NETnanoFramework,Version=v1.0": {
      "nanoFramework.CoreLibrary": {
        "type": "Direct",
        "requested": "[1.16.11, 1.16.11]",
        "resolved": "1.16.11",
        "contentHash": "2XW+Zn0lQ+lOcxDbB1l2ga2rNoj9Jv2IeJwXE4ka1r+swmxn5N/otlMJVEXJgK8trUeD/E8T7+J7dXjU8UReHw=="
      },
      "nanoFramework.Graphics.Core": {
        "type": "Direct",
        "requested": "[1.2.35, 1.2.35]",
        "resolved": "1.2.35",
        "contentHash": "x7G28CjHL5VayU8ID49tR3apQeWQSGkwo85KnLri0zoc2NAN9b5TONaZc5J5OmO6vSE6B3jQRU3QmR+H+pOv2g=="
      },
      "nanoFramework.TestFramework": {
        "type": "Direct",
        "requested": "[3.0.67, 3.0.67]",
        "resolved": "3.0.67",
        "contentHash": "VMxUKkZlA7chG9fhfCvGTXp7odgPds1GcWOpgDLlWAYKVwPHLEW+MZ3h/FC8JYavo3cReKwu5pUE5CkYl6gN7Q=="
      }
    }
  }
}