{
  "version": 1,
  "dependencies": {
    ".NETnanoFramework,Version=v1.0": {
      "nanoFramework.CoreLibrary": {
        "type": "Direct",
        "requested": "[1.17.11, 1.17.11]",
        "resolved": "1.17.11",
        "contentHash": "HezzAc0o2XrSGf85xSeD/6xsO6ohF9hX6/iMQ1IZS6Zw6umr4WfAN2Jv0BrPxkaYwzEegJxxZujkHoUIAqtOMw=="
      },
      "nanoFramework.Graphics.Core": {
        "type": "Direct",
        "requested": "[1.2.45, 1.2.45]",
        "resolved": "1.2.45",
        "contentHash": "Lq18/cYOJnpd8dX/V6cAi9dNJ6d9vjOaUTdAJTS2iwMcUVph0SM3fTLux4wkpPXY5iheQd6VxHwqLlMRTM7mFw=="
      },
      "nanoFramework.TestFramework": {
        "type": "Direct",
        "requested": "[3.0.75, 3.0.75]",
        "resolved": "3.0.75",
        "contentHash": "bFqqgfIs6o7M0v3oZAD7NgzDdoPgLeNVyyOHGRxtaiMAyL8BBeBobjKw+OXA0LHT5jPx0qZBH2mcMDV1k8MVBQ=="
      }
    }
  }
}