{
  "version": 1,
  "dependencies": {
    ".NETnanoFramework,Version=v1.0": {
      "nanoFramework.CoreLibrary": {
        "type": "Direct",
        "requested": "[1.16.11, 1.16.11]",
        "resolved": "1.16.11",
        "contentHash": "2XW+Zn0lQ+lOcxDbB1l2ga2rNoj9Jv2IeJwXE4ka1r+swmxn5N/otlMJVEXJgK8trUeD/E8T7+J7dXjU8UReHw=="
      },
      "nanoFramework.DependencyInjection": {
        "type": "Direct",
        "requested": "[1.1.25, 1.1.25]",
        "resolved": "1.1.25",
        "contentHash": "bakhjevfhq+bQ4rXvwizun590Hlkf++U31XFektTHBr1+E7hdZelqj29ESxb3VYDoJgTzVFFkBAljT1A6ceesg=="
      },
      "nanoFramework.Json": {
        "type": "Direct",
        "requested": "[2.2.168, 2.2.168]",
        "resolved": "2.2.168",
        "contentHash": "XfPVMXwes/GnZrQXYkaaHDIUE1wMGvQpbDECVfYexxSw6WJ1mVNnf9SuId2JZJJW0y+BKMow2m4il6WXIiVBzw=="
      },
      "nanoFramework.Logging": {
        "type": "Direct",
        "requested": "[1.1.134, 1.1.134]",
        "resolved": "1.1.134",
        "contentHash": "+nFjq/AWRC2NP2XrtRGWm/8cpHeR0i8vtYksS7wlb+lp0en2lgJF4IaPuFM+GRUYc+NMSFriU/pGcPFsQZZ3GA=="
      },
      "nanoFramework.Runtime.Events": {
        "type": "Direct",
        "requested": "[1.11.29, 1.11.29]",
        "resolved": "1.11.29",
        "contentHash": "y3Y0SNfr1afMor4xrsiB1ETldjKvmnzBTcEH5gizFFXw3RNBB/N8npWqkCJn4HZS0TEENlH2vVrib3bWYMx5+Q=="
      },
      "nanoFramework.System.Collections": {
        "type": "Direct",
        "requested": "[1.5.56, 1.5.56]",
        "resolved": "1.5.56",
        "contentHash": "epfglXpETWAi0UXqMYH+kqPVpQdjEcGnHCS3kitSVW3bGQ44qwNtXbjVGEWLjUUlRaaIn4ngwOOa9SVbf8qaqw=="
      },
      "nanoFramework.System.IO.FileSystem": {
        "type": "Direct",
        "requested": "[1.1.77, 1.1.77]",
        "resolved": "1.1.77",
        "contentHash": "98GdzuDUekavkruxNU99wDO9IUAFQ6yc24e+ypEDteQb4Vfsdhmf6fMPXAVCgexTibsHpaN21WlJghvDuGDUYA=="
      },
      "nanoFramework.System.IO.Streams": {
        "type": "Direct",
        "requested": "[1.1.82, 1.1.82]",
        "resolved": "1.1.82",
        "contentHash": "SwKS8WaoJG1JPtN8xVRxwi8mHR5mufoNaIv4TEouMMyF9tkbcoThUUuyf4iR7q/192Bt1t73synjnBH9vcChvg=="
      },
      "nanoFramework.System.Text": {
        "type": "Direct",
        "requested": "[1.3.16, 1.3.16]",
        "resolved": "1.3.16",
        "contentHash": "riHpJLHPhObWXRNEaF5uayhOyO+AHCDV8yDQYGaG/2SrwWjv2hLH+sOKZEqm3Tvv5+RiGSF3nDgGDMxT46dokg=="
      },
      "nanoFramework.System.Threading": {
        "type": "Direct",
        "requested": "[1.1.46, 1.1.46]",
        "resolved": "1.1.46",
        "contentHash": "pd7tiHpOmCqe+2pxqqLyV+iRgg0pURe4xM2MgD6XZJTOyLOCrt0OksaOgBe8frqFfYOCjI1qSBwtVnZeG2SteA=="
      },
      "Nerdbank.GitVersioning": {
        "type": "Direct",
        "requested": "[3.7.115, 3.7.115]",
        "resolved": "3.7.115",
        "contentHash": "EpXamaAdRfG/BMxGgvZlTM0npRnkmXUjAj8OdNKd17t4oN+2nvjdv/KnFmzOOMDqvlwB49UCwtOHJrAQTfUBtQ=="
      }
    }
  }
}